
Microsoft Visual Studio Solution File, Format Version 12.00
# Visual Studio Version 16
VisualStudioVersion = 25.0.1706.14
MinimumVisualStudioVersion = 10.0.40219.1
Project("{FAE04EC0-301F-11D3-BF4B-00C04F79EFBC}") = "ej1", "guia9_manejoListas\ej1.csproj", "{52F71924-766E-475E-9AC7-B0729BB61E72}"
EndProject
Project("{FAE04EC0-301F-11D3-BF4B-00C04F79EFBC}") = "ej2", "ej2\ej2.csproj", "{897211F5-DD44-492F-8313-A712CA72E41F}"
EndProject
Project("{FAE04EC0-301F-11D3-BF4B-00C04F79EFBC}") = "ej3", "ej3\ej3.csproj", "{6CB2B26C-76C1-454D-BB98-A187DA526776}"
EndProject
Global
	GlobalSection(SolutionConfigurationPlatforms) = preSolution
		Debug|Any CPU = Debug|Any CPU
		Release|Any CPU = Release|Any CPU
	EndGlobalSection
	GlobalSection(ProjectConfigurationPlatforms) = postSolution
		{52F71924-766E-475E-9AC7-B0729BB61E72}.Debug|Any CPU.ActiveCfg = Debug|Any CPU
		{52F71924-766E-475E-9AC7-B0729BB61E72}.Debug|Any CPU.Build.0 = Debug|Any CPU
		{52F71924-766E-475E-9AC7-B0729BB61E72}.Release|Any CPU.ActiveCfg = Release|Any CPU
		{52F71924-766E-475E-9AC7-B0729BB61E72}.Release|Any CPU.Build.0 = Release|Any CPU
		{897211F5-DD44-492F-8313-A712CA72E41F}.Debug|Any CPU.ActiveCfg = Debug|Any CPU
		{897211F5-DD44-492F-8313-A712CA72E41F}.Debug|Any CPU.Build.0 = Debug|Any CPU
		{897211F5-DD44-492F-8313-A712CA72E41F}.Release|Any CPU.ActiveCfg = Release|Any CPU
		{897211F5-DD44-492F-8313-A712CA72E41F}.Release|Any CPU.Build.0 = Release|Any CPU
		{6CB2B26C-76C1-454D-BB98-A187DA526776}.Debug|Any CPU.ActiveCfg = Debug|Any CPU
		{6CB2B26C-76C1-454D-BB98-A187DA526776}.Debug|Any CPU.Build.0 = Debug|Any CPU
		{6CB2B26C-76C1-454D-BB98-A187DA526776}.Release|Any CPU.ActiveCfg = Release|Any CPU
		{6CB2B26C-76C1-454D-BB98-A187DA526776}.Release|Any CPU.Build.0 = Release|Any CPU
	EndGlobalSection
	GlobalSection(SolutionProperties) = preSolution
		HideSolutionNode = FALSE
	EndGlobalSection
	GlobalSection(ExtensibilityGlobals) = postSolution
		SolutionGuid = {CEEEAA45-445B-4515-BF65-53D3171889F1}
	EndGlobalSection
EndGlobal
